
Microsoft Visual Studio Solution File, Format Version 12.00
# Visual Studio 15
Project("{FAE04EC0-301F-11D3-BF4B-00C04F79EFBC}") = "UniRx", "UniRx.csproj", "{EA2B26EB-BD79-386B-D717-43A98A1645A0}"
EndProject
Project("{FAE04EC0-301F-11D3-BF4B-00C04F79EFBC}") = "Assembly-CSharp", "Assembly-CSharp.csproj", "{91C419DC-3E2A-AB2C-B4A9-543394D74D87}"
EndProject
Project("{FAE04EC0-301F-11D3-BF4B-00C04F79EFBC}") = "UniRx.Examples", "UniRx.Examples.csproj", "{20CFFE51-741C-A232-C08A-45A513C21E17}"
EndProject
Project("{FAE04EC0-301F-11D3-BF4B-00C04F79EFBC}") = "Assembly-CSharp-Editor", "Assembly-CSharp-Editor.csproj", "{62DEA0ED-56D0-B0A7-3F86-9E1366D4C03E}"
EndProject
Global
	GlobalSection(SolutionConfigurationPlatforms) = preSolution
		Debug|Any CPU = Debug|Any CPU
		Release|Any CPU = Release|Any CPU
	EndGlobalSection
	GlobalSection(ProjectConfigurationPlatforms) = postSolution
		{EA2B26EB-BD79-386B-D717-43A98A1645A0}.Debug|Any CPU.ActiveCfg = Debug|Any CPU
		{EA2B26EB-BD79-386B-D717-43A98A1645A0}.Debug|Any CPU.Build.0 = Debug|Any CPU
		{EA2B26EB-BD79-386B-D717-43A98A1645A0}.Release|Any CPU.ActiveCfg = Release|Any CPU
		{EA2B26EB-BD79-386B-D717-43A98A1645A0}.Release|Any CPU.Build.0 = Release|Any CPU
		{91C419DC-3E2A-AB2C-B4A9-543394D74D87}.Debug|Any CPU.ActiveCfg = Debug|Any CPU
		{91C419DC-3E2A-AB2C-B4A9-543394D74D87}.Debug|Any CPU.Build.0 = Debug|Any CPU
		{91C419DC-3E2A-AB2C-B4A9-543394D74D87}.Release|Any CPU.ActiveCfg = Release|Any CPU
		{91C419DC-3E2A-AB2C-B4A9-543394D74D87}.Release|Any CPU.Build.0 = Release|Any CPU
		{20CFFE51-741C-A232-C08A-45A513C21E17}.Debug|Any CPU.ActiveCfg = Debug|Any CPU
		{20CFFE51-741C-A232-C08A-45A513C21E17}.Debug|Any CPU.Build.0 = Debug|Any CPU
		{20CFFE51-741C-A232-C08A-45A513C21E17}.Release|Any CPU.ActiveCfg = Release|Any CPU
		{20CFFE51-741C-A232-C08A-45A513C21E17}.Release|Any CPU.Build.0 = Release|Any CPU
		{62DEA0ED-56D0-B0A7-3F86-9E1366D4C03E}.Debug|Any CPU.ActiveCfg = Debug|Any CPU
		{62DEA0ED-56D0-B0A7-3F86-9E1366D4C03E}.Debug|Any CPU.Build.0 = Debug|Any CPU
		{62DEA0ED-56D0-B0A7-3F86-9E1366D4C03E}.Release|Any CPU.ActiveCfg = Release|Any CPU
		{62DEA0ED-56D0-B0A7-3F86-9E1366D4C03E}.Release|Any CPU.Build.0 = Release|Any CPU
	EndGlobalSection
	GlobalSection(SolutionProperties) = preSolution
		HideSolutionNode = FALSE
	EndGlobalSection
EndGlobal
